
Microsoft Visual Studio Solution File, Format Version 12.00
# Visual Studio 15
VisualStudioVersion = 15.0.27703.2000
MinimumVisualStudioVersion = 10.0.40219.1
Project("{FAE04EC0-301F-11D3-BF4B-00C04F79EFBC}") = "Warsztaty.Web", "Warsztaty.Web\Warsztaty.Web.csproj", "{B8149400-8C3F-40F4-8D0B-0B9AB50A18A8}"
EndProject
Project("{FAE04EC0-301F-11D3-BF4B-00C04F79EFBC}") = "Warsztaty.ViewModel", "Warsztaty.ViewModel\Warsztaty.ViewModel.csproj", "{26F12853-1E4F-4272-881D-ECC61769F8F2}"
EndProject
Project("{FAE04EC0-301F-11D3-BF4B-00C04F79EFBC}") = "Warsztaty.Core", "Warsztaty.Core\Warsztaty.Core.csproj", "{3CB238AF-03F4-42FA-9508-ED362209A57C}"
EndProject
Global
	GlobalSection(SolutionConfigurationPlatforms) = preSolution
		Debug|Any CPU = Debug|Any CPU
		Release|Any CPU = Release|Any CPU
	EndGlobalSection
	GlobalSection(ProjectConfigurationPlatforms) = postSolution
		{B8149400-8C3F-40F4-8D0B-0B9AB50A18A8}.Debug|Any CPU.ActiveCfg = Debug|Any CPU
		{B8149400-8C3F-40F4-8D0B-0B9AB50A18A8}.Debug|Any CPU.Build.0 = Debug|Any CPU
		{B8149400-8C3F-40F4-8D0B-0B9AB50A18A8}.Release|Any CPU.ActiveCfg = Release|Any CPU
		{B8149400-8C3F-40F4-8D0B-0B9AB50A18A8}.Release|Any CPU.Build.0 = Release|Any CPU
		{26F12853-1E4F-4272-881D-ECC61769F8F2}.Debug|Any CPU.ActiveCfg = Debug|Any CPU
		{26F12853-1E4F-4272-881D-ECC61769F8F2}.Debug|Any CPU.Build.0 = Debug|Any CPU
		{26F12853-1E4F-4272-881D-ECC61769F8F2}.Release|Any CPU.ActiveCfg = Release|Any CPU
		{26F12853-1E4F-4272-881D-ECC61769F8F2}.Release|Any CPU.Build.0 = Release|Any CPU
		{3CB238AF-03F4-42FA-9508-ED362209A57C}.Debug|Any CPU.ActiveCfg = Debug|Any CPU
		{3CB238AF-03F4-42FA-9508-ED362209A57C}.Debug|Any CPU.Build.0 = Debug|Any CPU
		{3CB238AF-03F4-42FA-9508-ED362209A57C}.Release|Any CPU.ActiveCfg = Release|Any CPU
		{3CB238AF-03F4-42FA-9508-ED362209A57C}.Release|Any CPU.Build.0 = Release|Any CPU
	EndGlobalSection
	GlobalSection(SolutionProperties) = preSolution
		HideSolutionNode = FALSE
	EndGlobalSection
	GlobalSection(ExtensibilityGlobals) = postSolution
		SolutionGuid = {FCBC6C09-E07F-4834-B8A6-4E31AB264782}
	EndGlobalSection
EndGlobal
